
Microsoft Visual Studio Solution File, Format Version 12.00
# Visual Studio Version 17
VisualStudioVersion = 17.5.002.0
MinimumVisualStudioVersion = 10.0.40219.1
Project("{9A19103F-16F7-4668-BE54-9A1E7A4F7556}") = "ChateauDuNoxWebsite", "ChateauDuNoxWebsite.csproj", "{FE4B82D5-A442-48B5-A20C-6B1DE5183B90}"
EndProject
Global
	GlobalSection(SolutionConfigurationPlatforms) = preSolution
		Debug|Any CPU = Debug|Any CPU
		Release|Any CPU = Release|Any CPU
	EndGlobalSection
	GlobalSection(ProjectConfigurationPlatforms) = postSolution
		{FE4B82D5-A442-48B5-A20C-6B1DE5183B90}.Debug|Any CPU.ActiveCfg = Debug|Any CPU
		{FE4B82D5-A442-48B5-A20C-6B1DE5183B90}.Debug|Any CPU.Build.0 = Debug|Any CPU
		{FE4B82D5-A442-48B5-A20C-6B1DE5183B90}.Release|Any CPU.ActiveCfg = Release|Any CPU
		{FE4B82D5-A442-48B5-A20C-6B1DE5183B90}.Release|Any CPU.Build.0 = Release|Any CPU
	EndGlobalSection
	GlobalSection(SolutionProperties) = preSolution
		HideSolutionNode = FALSE
	EndGlobalSection
	GlobalSection(ExtensibilityGlobals) = postSolution
		SolutionGuid = {919C176B-0C4F-48C6-9DDE-B35B5252B95A}
	EndGlobalSection
EndGlobal
